// !$*UTF8*$!
{
	archiveVersion = 1;
	classes = {
	};
	objectVersion = 46;
	objects = {

/* Begin PBXBuildFile section */
		008E776F092561ACD53867A3 /* Pods.framework in Frameworks */ = {isa = PBXBuildFile; fileRef = 42C6F87FFCA880CC973EE78C /* Pods.framework */; };
		6090DFC01BFE11DC002FF852 /* AppDelegate.swift in Sources */ = {isa = PBXBuildFile; fileRef = 6090DFBF1BFE11DC002FF852 /* AppDelegate.swift */; };
		6090DFC21BFE11DC002FF852 /* ViewController.swift in Sources */ = {isa = PBXBuildFile; fileRef = 6090DFC11BFE11DC002FF852 /* ViewController.swift */; };
		6090DFC51BFE11DC002FF852 /* Main.storyboard in Resources */ = {isa = PBXBuildFile; fileRef = 6090DFC31BFE11DC002FF852 /* Main.storyboard */; };
		6090DFC71BFE11DC002FF852 /* Assets.xcassets in Resources */ = {isa = PBXBuildFile; fileRef = 6090DFC61BFE11DC002FF852 /* Assets.xcassets */; };
		6090DFCA1BFE11DC002FF852 /* LaunchScreen.storyboard in Resources */ = {isa = PBXBuildFile; fileRef = 6090DFC81BFE11DC002FF852 /* LaunchScreen.storyboard */; };
		6090DFD51BFE11DD002FF852 /* SnapkitSampleUITests.swift in Sources */ = {isa = PBXBuildFile; fileRef = 6090DFD41BFE11DD002FF852 /* SnapkitSampleUITests.swift */; };
/* End PBXBuildFile section */

/* Begin PBXContainerItemProxy section */
		6090DFD11BFE11DD002FF852 /* PBXContainerItemProxy */ = {
			isa = PBXContainerItemProxy;
			containerPortal = 6090DFB41BFE11DC002FF852 /* Project object */;
			proxyType = 1;
			remoteGlobalIDString = 6090DFBB1BFE11DC002FF852;
			remoteInfo = SnapkitSample;
		};
/* End PBXContainerItemProxy section */

/* Begin PBXFileReference section */
		42C6F87FFCA880CC973EE78C /* Pods.framework */ = {isa = PBXFileReference; explicitFileType = wrapper.framework; includeInIndex = 0; path = Pods.framework; sourceTree = BUILT_PRODUCTS_DIR; };
		6090DFBC1BFE11DC002FF852 /* SnapkitSample.app */ = {isa = PBXFileReference; explicitFileType = wrapper.application; includeInIndex = 0; path = SnapkitSample.app; sourceTree = BUILT_PRODUCTS_DIR; };
		6090DFBF1BFE11DC002FF852 /* AppDelegate.swift */ = {isa = PBXFileReference; lastKnownFileType = sourcecode.swift; path = AppDelegate.swift; sourceTree = "<group>"; };
		6090DFC11BFE11DC002FF852 /* ViewController.swift */ = {isa = PBXFileReference; lastKnownFileType = sourcecode.swift; path = ViewController.swift; sourceTree = "<group>"; };
		6090DFC41BFE11DC002FF852 /* Base */ = {isa = PBXFileReference; lastKnownFileType = file.storyboard; name = Base; path = Base.lproj/Main.storyboard; sourceTree = "<group>"; };
		6090DFC61BFE11DC002FF852 /* Assets.xcassets */ = {isa = PBXFileReference; lastKnownFileType = folder.assetcatalog; path = Assets.xcassets; sourceTree = "<group>"; };
		6090DFC91BFE11DC002FF852 /* Base */ = {isa = PBXFileReference; lastKnownFileType = file.storyboard; name = Base; path = Base.lproj/LaunchScreen.storyboard; sourceTree = "<group>"; };
		6090DFCB1BFE11DC002FF852 /* Info.plist */ = {isa = PBXFileReference; lastKnownFileType = text.plist.xml; path = Info.plist; sourceTree = "<group>"; };
		6090DFD01BFE11DD002FF852 /* SnapkitSampleUITests.xctest */ = {isa = PBXFileReference; explicitFileType = wrapper.cfbundle; includeInIndex = 0; path = SnapkitSampleUITests.xctest; sourceTree = BUILT_PRODUCTS_DIR; };
		6090DFD41BFE11DD002FF852 /* SnapkitSampleUITests.swift */ = {isa = PBXFileReference; lastKnownFileType = sourcecode.swift; path = SnapkitSampleUITests.swift; sourceTree = "<group>"; };
		6090DFD61BFE11DD002FF852 /* Info.plist */ = {isa = PBXFileReference; lastKnownFileType = text.plist.xml; path = Info.plist; sourceTree = "<group>"; };
		97C540DE60C88620EC2CC21B /* Pods.debug.xcconfig */ = {isa = PBXFileReference; includeInIndex = 1; lastKnownFileType = text.xcconfig; name = Pods.debug.xcconfig; path = "Pods/Target Support Files/Pods/Pods.debug.xcconfig"; sourceTree = "<group>"; };
		A8E3E1C09C6DEB9F33C1C379 /* Pods.release.xcconfig */ = {isa = PBXFileReference; includeInIndex = 1; lastKnownFileType = text.xcconfig; name = Pods.release.xcconfig; path = "Pods/Target Support Files/Pods/Pods.release.xcconfig"; sourceTree = "<group>"; };
/* End PBXFileReference section */

/* Begin PBXFrameworksBuildPhase section */
		6090DFB91BFE11DC002FF852 /* Frameworks */ = {
			isa = PBXFrameworksBuildPhase;
			buildActionMask = 2147483647;
			files = (
				008E776F092561ACD53867A3 /* Pods.framework in Frameworks */,
			);
			runOnlyForDeploymentPostprocessing = 0;
		};
		6090DFCD1BFE11DD002FF852 /* Frameworks */ = {
			isa = PBXFrameworksBuildPhase;
			buildActionMask = 2147483647;
			files = (
			);
			runOnlyForDeploymentPostprocessing = 0;
		};
/* End PBXFrameworksBuildPhase section */

/* Begin PBXGroup section */
		27DA46C0FB1CB4558BEA635B /* Frameworks */ = {
			isa = PBXGroup;
			children = (
				42C6F87FFCA880CC973EE78C /* Pods.framework */,
			);
			name = Frameworks;
			sourceTree = "<group>";
		};
		6090DFB31BFE11DC002FF852 = {
			isa = PBXGroup;
			children = (
				6090DFBE1BFE11DC002FF852 /* SnapkitSample */,
				6090DFD31BFE11DD002FF852 /* SnapkitSampleUITests */,
				6090DFBD1BFE11DC002FF852 /* Products */,
				C323FB8CB33A7927625AB4CE /* Pods */,
				27DA46C0FB1CB4558BEA635B /* Frameworks */,
			);
			sourceTree = "<group>";
		};
		6090DFBD1BFE11DC002FF852 /* Products */ = {
			isa = PBXGroup;
			children = (
				6090DFBC1BFE11DC002FF852 /* SnapkitSample.app */,
				6090DFD01BFE11DD002FF852 /* SnapkitSampleUITests.xctest */,
			);
			name = Products;
			sourceTree = "<group>";
		};
		6090DFBE1BFE11DC002FF852 /* SnapkitSample */ = {
			isa = PBXGroup;
			children = (
				6090DFBF1BFE11DC002FF852 /* AppDelegate.swift */,
				6090DFC11BFE11DC002FF852 /* ViewController.swift */,
				6090DFC31BFE11DC002FF852 /* Main.storyboard */,
				6090DFC61BFE11DC002FF852 /* Assets.xcassets */,
				6090DFC81BFE11DC002FF852 /* LaunchScreen.storyboard */,
				6090DFCB1BFE11DC002FF852 /* Info.plist */,
			);
			path = SnapkitSample;
			sourceTree = "<group>";
		};
		6090DFD31BFE11DD002FF852 /* SnapkitSampleUITests */ = {
			isa = PBXGroup;
			children = (
				6090DFD41BFE11DD002FF852 /* SnapkitSampleUITests.swift */,
				6090DFD61BFE11DD002FF852 /* Info.plist */,
			);
			path = SnapkitSampleUITests;
			sourceTree = "<group>";
		};
		C323FB8CB33A7927625AB4CE /* Pods */ = {
			isa = PBXGroup;
			children = (
				97C540DE60C88620EC2CC21B /* Pods.debug.xcconfig */,
				A8E3E1C09C6DEB9F33C1C379 /* Pods.release.xcconfig */,
			);
			name = Pods;
			sourceTree = "<group>";
		};
/* End PBXGroup section */

/* Begin PBXNativeTarget section */
		6090DFBB1BFE11DC002FF852 /* SnapkitSample */ = {
			isa = PBXNativeTarget;
			buildConfigurationList = 6090DFD91BFE11DD002FF852 /* Build configuration list for PBXNativeTarget "SnapkitSample" */;
			buildPhases = (
				2A412B69D22210775B73210D /* Check Pods Manifest.lock */,
				6090DFB81BFE11DC002FF852 /* Sources */,
				6090DFB91BFE11DC002FF852 /* Frameworks */,
				6090DFBA1BFE11DC002FF852 /* Resources */,
				D081BF20762E7599CA778001 /* Embed Pods Frameworks */,
				E407C9CCCF30EFF94556882B /* Copy Pods Resources */,
			);
			buildRules = (
			);
			dependencies = (
			);
			name = SnapkitSample;
			productName = SnapkitSample;
			productReference = 6090DFBC1BFE11DC002FF852 /* SnapkitSample.app */;
			productType = "com.apple.product-type.application";
		};
		6090DFCF1BFE11DD002FF852 /* SnapkitSampleUITests */ = {
			isa = PBXNativeTarget;
			buildConfigurationList = 6090DFDC1BFE11DD002FF852 /* Build configuration list for PBXNativeTarget "SnapkitSampleUITests" */;
			buildPhases = (
				6090DFCC1BFE11DD002FF852 /* Sources */,
				6090DFCD1BFE11DD002FF852 /* Frameworks */,
				6090DFCE1BFE11DD002FF852 /* Resources */,
			);
			buildRules = (
			);
			dependencies = (
				6090DFD21BFE11DD002FF852 /* PBXTargetDependency */,
			);
			name = SnapkitSampleUITests;
			productName = SnapkitSampleUITests;
			productReference = 6090DFD01BFE11DD002FF852 /* SnapkitSampleUITests.xctest */;
			productType = "com.apple.product-type.bundle.ui-testing";
		};
/* End PBXNativeTarget section */

/* Begin PBXProject section */
		6090DFB41BFE11DC002FF852 /* Project object */ = {
			isa = PBXProject;
			attributes = {
				LastSwiftUpdateCheck = 0710;
				LastUpgradeCheck = 0710;
				ORGANIZATIONNAME = "JPOP-NEWS.net";
				TargetAttributes = {
					6090DFBB1BFE11DC002FF852 = {
						CreatedOnToolsVersion = 7.1.1;
					};
					6090DFCF1BFE11DD002FF852 = {
						CreatedOnToolsVersion = 7.1.1;
						TestTargetID = 6090DFBB1BFE11DC002FF852;
					};
				};
			};
			buildConfigurationList = 6090DFB71BFE11DC002FF852 /* Build configuration list for PBXProject "SnapkitSample" */;
			compatibilityVersion = "Xcode 3.2";
			developmentRegion = English;
			hasScannedForEncodings = 0;
			knownRegions = (
				en,
				Base,
			);
			mainGroup = 6090DFB31BFE11DC002FF852;
			productRefGroup = 6090DFBD1BFE11DC002FF852 /* Products */;
			projectDirPath = "";
			projectRoot = "";
			targets = (
				6090DFBB1BFE11DC002FF852 /* SnapkitSample */,
				6090DFCF1BFE11DD002FF852 /* SnapkitSampleUITests */,
			);
		};
/* End PBXProject section */

/* Begin PBXResourcesBuildPhase section */
		6090DFBA1BFE11DC002FF852 /* Resources */ = {
			isa = PBXResourcesBuildPhase;
			buildActionMask = 2147483647;
			files = (
				6090DFCA1BFE11DC002FF852 /* LaunchScreen.storyboard in Resources */,
				6090DFC71BFE11DC002FF852 /* Assets.xcassets in Resources */,
				6090DFC51BFE11DC002FF852 /* Main.storyboard in Resources */,
			);
			runOnlyForDeploymentPostprocessing = 0;
		};
		6090DFCE1BFE11DD002FF852 /* Resources */ = {
			isa = PBXResourcesBuildPhase;
			buildActionMask = 2147483647;
			files = (
			);
			runOnlyForDeploymentPostprocessing = 0;
		};
/* End PBXResourcesBuildPhase section */

/* Begin PBXShellScriptBuildPhase section */
		2A412B69D22210775B73210D /* Check Pods Manifest.lock */ = {
			isa = PBXShellScriptBuildPhase;
			buildActionMask = 2147483647;
			files = (
			);
			inputPaths = (
			);
			name = "Check Pods Manifest.lock";
			outputPaths = (
			);
			runOnlyForDeploymentPostprocessing = 0;
			shellPath = /bin/sh;
			shellScript = "diff \"${PODS_ROOT}/../Podfile.lock\" \"${PODS_ROOT}/Manifest.lock\" > /dev/null\nif [[ $? != 0 ]] ; then\n    cat << EOM\nerror: The sandbox is not in sync with the Podfile.lock. Run 'pod install' or update your CocoaPods installation.\nEOM\n    exit 1\nfi\n";
			showEnvVarsInLog = 0;
		};
		D081BF20762E7599CA778001 /* Embed Pods Frameworks */ = {
			isa = PBXShellScriptBuildPhase;
			buildActionMask = 2147483647;
			files = (
			);
			inputPaths = (
			);
			name = "Embed Pods Frameworks";
			outputPaths = (
			);
			runOnlyForDeploymentPostprocessing = 0;
			shellPath = /bin/sh;
			shellScript = "\"${SRCROOT}/Pods/Target Support Files/Pods/Pods-frameworks.sh\"\n";
			showEnvVarsInLog = 0;
		};
		E407C9CCCF30EFF94556882B /* Copy Pods Resources */ = {
			isa = PBXShellScriptBuildPhase;
			buildActionMask = 2147483647;
			files = (
			);
			inputPaths = (
			);
			name = "Copy Pods Resources";
			outputPaths = (
			);
			runOnlyForDeploymentPostprocessing = 0;
			shellPath = /bin/sh;
			shellScript = "\"${SRCROOT}/Pods/Target Support Files/Pods/Pods-resources.sh\"\n";
			showEnvVarsInLog = 0;
		};
/* End PBXShellScriptBuildPhase section */

/* Begin PBXSourcesBuildPhase section */
		6090DFB81BFE11DC002FF852 /* Sources */ = {
			isa = PBXSourcesBuildPhase;
			buildActionMask = 2147483647;
			files = (
				6090DFC21BFE11DC002FF852 /* ViewController.swift in Sources */,
				6090DFC01BFE11DC002FF852 /* AppDelegate.swift in Sources */,
			);
			runOnlyForDeploymentPostprocessing = 0;
		};
		6090DFCC1BFE11DD002FF852 /* Sources */ = {
			isa = PBXSourcesBuildPhase;
			buildActionMask = 2147483647;
			files = (
				6090DFD51BFE11DD002FF852 /* SnapkitSampleUITests.swift in Sources */,
			);
			runOnlyForDeploymentPostprocessing = 0;
		};
/* End PBXSourcesBuildPhase section */

/* Begin PBXTargetDependency section */
		6090DFD21BFE11DD002FF852 /* PBXTargetDependency */ = {
			isa = PBXTargetDependency;
			target = 6090DFBB1BFE11DC002FF852 /* SnapkitSample */;
			targetProxy = 6090DFD11BFE11DD002FF852 /* PBXContainerItemProxy */;
		};
/* End PBXTargetDependency section */

/* Begin PBXVariantGroup section */
		6090DFC31BFE11DC002FF852 /* Main.storyboard */ = {
			isa = PBXVariantGroup;
			children = (
				6090DFC41BFE11DC002FF852 /* Base */,
			);
			name = Main.storyboard;
			sourceTree = "<group>";
		};
		6090DFC81BFE11DC002FF852 /* LaunchScreen.storyboard */ = {
			isa = PBXVariantGroup;
			children = (
				6090DFC91BFE11DC002FF852 /* Base */,
			);
			name = LaunchScreen.storyboard;
			sourceTree = "<group>";
		};
/* End PBXVariantGroup section */

/* Begin XCBuildConfiguration section */
		6090DFD71BFE11DD002FF852 /* Debug */ = {
			isa = XCBuildConfiguration;
			buildSettings = {
				ALWAYS_SEARCH_USER_PATHS = NO;
				CLANG_CXX_LANGUAGE_STANDARD = "gnu++0x";
				CLANG_CXX_LIBRARY = "libc++";
				CLANG_ENABLE_MODULES = YES;
				CLANG_ENABLE_OBJC_ARC = YES;
				CLANG_WARN_BOOL_CONVERSION = YES;
				CLANG_WARN_CONSTANT_CONVERSION = YES;
				CLANG_WARN_DIRECT_OBJC_ISA_USAGE = YES_ERROR;
				CLANG_WARN_EMPTY_BODY = YES;
				CLANG_WARN_ENUM_CONVERSION = YES;
				CLANG_WARN_INT_CONVERSION = YES;
				CLANG_WARN_OBJC_ROOT_CLASS = YES_ERROR;
				CLANG_WARN_UNREACHABLE_CODE = YES;
				CLANG_WARN__DUPLICATE_METHOD_MATCH = YES;
				"CODE_SIGN_IDENTITY[sdk=iphoneos*]" = "iPhone Developer";
				COPY_PHASE_STRIP = NO;
				DEBUG_INFORMATION_FORMAT = dwarf;
				ENABLE_STRICT_OBJC_MSGSEND = YES;
				ENABLE_TESTABILITY = YES;
				GCC_C_LANGUAGE_STANDARD = gnu99;
				GCC_DYNAMIC_NO_PIC = NO;
				GCC_NO_COMMON_BLOCKS = YES;
				GCC_OPTIMIZATION_LEVEL = 0;
				GCC_PREPROCESSOR_DEFINITIONS = (
					"DEBUG=1",
					"$(inherited)",
				);
				GCC_WARN_64_TO_32_BIT_CONVERSION = YES;
				GCC_WARN_ABOUT_RETURN_TYPE = YES_ERROR;
				GCC_WARN_UNDECLARED_SELECTOR = YES;
				GCC_WARN_UNINITIALIZED_AUTOS = YES_AGGRESSIVE;
				GCC_WARN_UNUSED_FUNCTION = YES;
				GCC_WARN_UNUSED_VARIABLE = YES;
				IPHONEOS_DEPLOYMENT_TARGET = 9.1;
				MTL_ENABLE_DEBUG_INFO = YES;
				ONLY_ACTIVE_ARCH = YES;
				SDKROOT = iphoneos;
				SWIFT_OPTIMIZATION_LEVEL = "-Onone";
				TARGETED_DEVICE_FAMILY = "1,2";
			};
			name = Debug;
		};
		6090DFD81BFE11DD002FF852 /* Release */ = {
			isa = XCBuildConfiguration;
			buildSettings = {
				ALWAYS_SEARCH_USER_PATHS = NO;
				CLANG_CXX_LANGUAGE_STANDARD = "gnu++0x";
				CLANG_CXX_LIBRARY = "libc++";
				CLANG_ENABLE_MODULES = YES;
				CLANG_ENABLE_OBJC_ARC = YES;
				CLANG_WARN_BOOL_CONVERSION = YES;
				CLANG_WARN_CONSTANT_CONVERSION = YES;
				CLANG_WARN_DIRECT_OBJC_ISA_USAGE = YES_ERROR;
				CLANG_WARN_EMPTY_BODY = YES;
				CLANG_WARN_ENUM_CONVERSION = YES;
				CLANG_WARN_INT_CONVERSION = YES;
				CLANG_WARN_OBJC_ROOT_CLASS = YES_ERROR;
				CLANG_WARN_UNREACHABLE_CODE = YES;
				CLANG_WARN__DUPLICATE_METHOD_MATCH = YES;
				"CODE_SIGN_IDENTITY[sdk=iphoneos*]" = "iPhone Developer";
				COPY_PHASE_STRIP = NO;
				DEBUG_INFORMATION_FORMAT = "dwarf-with-dsym";
				ENABLE_NS_ASSERTIONS = NO;
				ENABLE_STRICT_OBJC_MSGSEND = YES;
				GCC_C_LANGUAGE_STANDARD = gnu99;
				GCC_NO_COMMON_BLOCKS = YES;
				GCC_WARN_64_TO_32_BIT_CONVERSION = YES;
				GCC_WARN_ABOUT_RETURN_TYPE = YES_ERROR;
				GCC_WARN_UNDECLARED_SELECTOR = YES;
				GCC_WARN_UNINITIALIZED_AUTOS = YES_AGGRESSIVE;
				GCC_WARN_UNUSED_FUNCTION = YES;
				GCC_WARN_UNUSED_VARIABLE = YES;
				IPHONEOS_DEPLOYMENT_TARGET = 9.1;
				MTL_ENABLE_DEBUG_INFO = NO;
				SDKROOT = iphoneos;
				TARGETED_DEVICE_FAMILY = "1,2";
				VALIDATE_PRODUCT = YES;
			};
			name = Release;
		};
		6090DFDA1BFE11DD002FF852 /* Debug */ = {
			isa = XCBuildConfiguration;
			baseConfigurationReference = 97C540DE60C88620EC2CC21B /* Pods.debug.xcconfig */;
			buildSettings = {
				ASSETCATALOG_COMPILER_APPICON_NAME = AppIcon;
				"CODE_SIGN_IDENTITY[sdk=iphoneos*]" = "";
				INFOPLIST_FILE = SnapkitSample/Info.plist;
				LD_RUNPATH_SEARCH_PATHS = "$(inherited) @executable_path/Frameworks";
				PRODUCT_BUNDLE_IDENTIFIER = energist.web.fc2.com.SnapkitSample;
				PRODUCT_NAME = "$(TARGET_NAME)";
			};
			name = Debug;
		};
		6090DFDB1BFE11DD002FF852 /* Release */ = {
			isa = XCBuildConfiguration;
			baseConfigurationReference = A8E3E1C09C6DEB9F33C1C379 /* Pods.release.xcconfig */;
			buildSettings = {
				ASSETCATALOG_COMPILER_APPICON_NAME = AppIcon;
				"CODE_SIGN_IDENTITY[sdk=iphoneos*]" = "";
				INFOPLIST_FILE = SnapkitSample/Info.plist;
				LD_RUNPATH_SEARCH_PATHS = "$(inherited) @executable_path/Frameworks";
				PRODUCT_BUNDLE_IDENTIFIER = energist.web.fc2.com.SnapkitSample;
				PRODUCT_NAME = "$(TARGET_NAME)";
			};
			name = Release;
		};
		6090DFDD1BFE11DD002FF852 /* Debug */ = {
			isa = XCBuildConfiguration;
			buildSettings = {
				INFOPLIST_FILE = SnapkitSampleUITests/Info.plist;
				LD_RUNPATH_SEARCH_PATHS = "$(inherited) @executable_path/Frameworks @loader_path/Frameworks";
				PRODUCT_BUNDLE_IDENTIFIER = energist.web.fc2.com.SnapkitSampleUITests;
				PRODUCT_NAME = "$(TARGET_NAME)";
				TEST_TARGET_NAME = SnapkitSample;
				USES_XCTRUNNER = YES;
			};
			name = Debug;
		};
		6090DFDE1BFE11DD002FF852 /* Release */ = {
			isa = XCBuildConfiguration;
			buildSettings = {
				INFOPLIST_FILE = SnapkitSampleUITests/Info.plist;
				LD_RUNPATH_SEARCH_PATHS = "$(inherited) @executable_path/Frameworks @loader_path/Frameworks";
				PRODUCT_BUNDLE_IDENTIFIER = energist.web.fc2.com.SnapkitSampleUITests;
				PRODUCT_NAME = "$(TARGET_NAME)";
				TEST_TARGET_NAME = SnapkitSample;
				USES_XCTRUNNER = YES;
			};
			name = Release;
		};
/* End XCBuildConfiguration section */

/* Begin XCConfigurationList section */
		6090DFB71BFE11DC002FF852 /* Build configuration list for PBXProject "SnapkitSample" */ = {
			isa = XCConfigurationList;
			buildConfigurations = (
				6090DFD71BFE11DD002FF852 /* Debug */,
				6090DFD81BFE11DD002FF852 /* Release */,
			);
			defaultConfigurationIsVisible = 0;
			defaultConfigurationName = Release;
		};
		6090DFD91BFE11DD002FF852 /* Build configuration list for PBXNativeTarget "SnapkitSample" */ = {
			isa = XCConfigurationList;
			buildConfigurations = (
				6090DFDA1BFE11DD002FF852 /* Debug */,
				6090DFDB1BFE11DD002FF852 /* Release */,
			);
			defaultConfigurationIsVisible = 0;
			defaultConfigurationName = Release;
		};
		6090DFDC1BFE11DD002FF852 /* Build configuration list for PBXNativeTarget "SnapkitSampleUITests" */ = {
			isa = XCConfigurationList;
			buildConfigurations = (
				6090DFDD1BFE11DD002FF852 /* Debug */,
				6090DFDE1BFE11DD002FF852 /* Release */,
			);
			defaultConfigurationIsVisible = 0;
			defaultConfigurationName = Release;
		};
/* End XCConfigurationList section */
	};
	rootObject = 6090DFB41BFE11DC002FF852 /* Project object */;
}
